
Microsoft Visual Studio Solution File, Format Version 12.00
# Visual Studio Version 17
VisualStudioVersion = 17.0.31903.59
MinimumVisualStudioVersion = 10.0.40219.1
Project("{FAE04EC0-301F-11D3-BF4B-00C04F79EFBC}") = "NotesContacts.Web", "NotesContacts.Web\NotesContacts.Web.csproj", "{341D6D69-BA99-4D79-9A02-165AB39425BE}"
EndProject
Global
	GlobalSection(SolutionConfigurationPlatforms) = preSolution
		Debug|Any CPU = Debug|Any CPU
		Debug|x64 = Debug|x64
		Debug|x86 = Debug|x86
		Release|Any CPU = Release|Any CPU
		Release|x64 = Release|x64
		Release|x86 = Release|x86
	EndGlobalSection
	GlobalSection(ProjectConfigurationPlatforms) = postSolution
		{341D6D69-BA99-4D79-9A02-165AB39425BE}.Debug|Any CPU.ActiveCfg = Debug|Any CPU
		{341D6D69-BA99-4D79-9A02-165AB39425BE}.Debug|Any CPU.Build.0 = Debug|Any CPU
		{341D6D69-BA99-4D79-9A02-165AB39425BE}.Debug|x64.ActiveCfg = Debug|Any CPU
		{341D6D69-BA99-4D79-9A02-165AB39425BE}.Debug|x64.Build.0 = Debug|Any CPU
		{341D6D69-BA99-4D79-9A02-165AB39425BE}.Debug|x86.ActiveCfg = Debug|Any CPU
		{341D6D69-BA99-4D79-9A02-165AB39425BE}.Debug|x86.Build.0 = Debug|Any CPU
		{341D6D69-BA99-4D79-9A02-165AB39425BE}.Release|Any CPU.ActiveCfg = Release|Any CPU
		{341D6D69-BA99-4D79-9A02-165AB39425BE}.Release|Any CPU.Build.0 = Release|Any CPU
		{341D6D69-BA99-4D79-9A02-165AB39425BE}.Release|x64.ActiveCfg = Release|Any CPU
		{341D6D69-BA99-4D79-9A02-165AB39425BE}.Release|x64.Build.0 = Release|Any CPU
		{341D6D69-BA99-4D79-9A02-165AB39425BE}.Release|x86.ActiveCfg = Release|Any CPU
		{341D6D69-BA99-4D79-9A02-165AB39425BE}.Release|x86.Build.0 = Release|Any CPU
	EndGlobalSection
	GlobalSection(SolutionProperties) = preSolution
		HideSolutionNode = FALSE
	EndGlobalSection
	GlobalSection(ExtensibilityGlobals) = postSolution
		SolutionGuid = {C4440F0D-58C0-4E4B-924E-0478902EB33B}
	EndGlobalSection
EndGlobal
